
Microsoft Visual Studio Solution File, Format Version 12.00
# Visual Studio Version 17
VisualStudioVersion = 17.8.34525.116
MinimumVisualStudioVersion = 10.0.40219.1
Project("{FAE04EC0-301F-11D3-BF4B-00C04F79EFBC}") = "CMSTemplate", "CMSTemplate\CMSTemplate.csproj", "{E88DF46A-F47B-4AD7-8865-77B02F8AC87C}"
EndProject
Global
	GlobalSection(SolutionConfigurationPlatforms) = preSolution
		Debug|Any CPU = Debug|Any CPU
		Release|Any CPU = Release|Any CPU
	EndGlobalSection
	GlobalSection(ProjectConfigurationPlatforms) = postSolution
		{E88DF46A-F47B-4AD7-8865-77B02F8AC87C}.Debug|Any CPU.ActiveCfg = Debug|Any CPU
		{E88DF46A-F47B-4AD7-8865-77B02F8AC87C}.Debug|Any CPU.Build.0 = Debug|Any CPU
		{E88DF46A-F47B-4AD7-8865-77B02F8AC87C}.Release|Any CPU.ActiveCfg = Release|Any CPU
		{E88DF46A-F47B-4AD7-8865-77B02F8AC87C}.Release|Any CPU.Build.0 = Release|Any CPU
	EndGlobalSection
	GlobalSection(SolutionProperties) = preSolution
		HideSolutionNode = FALSE
	EndGlobalSection
	GlobalSection(ExtensibilityGlobals) = postSolution
		SolutionGuid = {4CED2062-0AED-469E-9DE7-2046A2D60101}
	EndGlobalSection
EndGlobal
